// !$*UTF8*$!
{
	archiveVersion = 1;
	classes = {
	};
	objectVersion = 45;
	objects = {

/* Begin PBXAggregateTarget section */
		584B53D30F4A90B500C786C4 /* UnTinyURL.dmg */ = {
			isa = PBXAggregateTarget;
			buildConfigurationList = 584B541A0F4A90F300C786C4 /* Build configuration list for PBXAggregateTarget "UnTinyURL.dmg" */;
			buildPhases = (
				584B53D20F4A90B500C786C4 /* ShellScript */,
			);
			dependencies = (
				584B53D80F4A90D100C786C4 /* PBXTargetDependency */,
			);
			name = UnTinyURL.dmg;
			productName = UnTinyURL.dmg;
		};
		584B543A0F4A91D100C786C4 /* Upload UnTinyURL.dmg */ = {
			isa = PBXAggregateTarget;
			buildConfigurationList = 584B54450F4A91F500C786C4 /* Build configuration list for PBXAggregateTarget "Upload UnTinyURL.dmg" */;
			buildPhases = (
				584B54390F4A91D100C786C4 /* ShellScript */,
			);
			dependencies = (
				584B543E0F4A91E600C786C4 /* PBXTargetDependency */,
			);
			name = "Upload UnTinyURL.dmg";
			productName = "Upload UnTinyURL.dmg";
		};
/* End PBXAggregateTarget section */

/* Begin PBXBuildFile section */
		5852CA6B0F49BA970047B1CC /* UTUBundleController.m in Sources */ = {isa = PBXBuildFile; fileRef = 5852CA6A0F49BA970047B1CC /* UTUBundleController.m */; };
		5852CA880F49BD4E0047B1CC /* WebKit.framework in Frameworks */ = {isa = PBXBuildFile; fileRef = 5852CA870F49BD4E0047B1CC /* WebKit.framework */; };
		5892255F0F49B0630028C441 /* WebHTMLView+UnTinyURLAdditions.m in Sources */ = {isa = PBXBuildFile; fileRef = 5892255E0F49B0630028C441 /* WebHTMLView+UnTinyURLAdditions.m */; };
		5892CBD20F49DE0000424B1D /* NSURLConnection+UnTinyURLAdditions.m in Sources */ = {isa = PBXBuildFile; fileRef = 5892CBD10F49DE0000424B1D /* NSURLConnection+UnTinyURLAdditions.m */; };
		8D5B49B0048680CD000E48DA /* InfoPlist.strings in Resources */ = {isa = PBXBuildFile; fileRef = 089C167DFE841241C02AAC07 /* InfoPlist.strings */; };
		8D5B49B4048680CD000E48DA /* Cocoa.framework in Frameworks */ = {isa = PBXBuildFile; fileRef = 1058C7ADFEA557BF11CA2CBB /* Cocoa.framework */; };
/* End PBXBuildFile section */

/* Begin PBXContainerItemProxy section */
		584B53D70F4A90D100C786C4 /* PBXContainerItemProxy */ = {
			isa = PBXContainerItemProxy;
			containerPortal = 089C1669FE841209C02AAC07 /* Project object */;
			proxyType = 1;
			remoteGlobalIDString = 8D5B49AC048680CD000E48DA;
			remoteInfo = UnTinyURL;
		};
		584B543D0F4A91E600C786C4 /* PBXContainerItemProxy */ = {
			isa = PBXContainerItemProxy;
			containerPortal = 089C1669FE841209C02AAC07 /* Project object */;
			proxyType = 1;
			remoteGlobalIDString = 584B53D30F4A90B500C786C4;
			remoteInfo = UnTinyURL.dmg;
		};
/* End PBXContainerItemProxy section */

/* Begin PBXFileReference section */
		089C1672FE841209C02AAC07 /* Foundation.framework */ = {isa = PBXFileReference; lastKnownFileType = wrapper.framework; name = Foundation.framework; path = /System/Library/Frameworks/Foundation.framework; sourceTree = "<absolute>"; };
		089C167EFE841241C02AAC07 /* English */ = {isa = PBXFileReference; fileEncoding = 10; lastKnownFileType = text.plist.strings; name = English; path = English.lproj/InfoPlist.strings; sourceTree = "<group>"; };
		089C167FFE841241C02AAC07 /* AppKit.framework */ = {isa = PBXFileReference; lastKnownFileType = wrapper.framework; name = AppKit.framework; path = /System/Library/Frameworks/AppKit.framework; sourceTree = "<absolute>"; };
		1058C7ADFEA557BF11CA2CBB /* Cocoa.framework */ = {isa = PBXFileReference; lastKnownFileType = wrapper.framework; name = Cocoa.framework; path = /System/Library/Frameworks/Cocoa.framework; sourceTree = "<absolute>"; };
		32DBCF630370AF2F00C91783 /* UnTinyURL_Prefix.pch */ = {isa = PBXFileReference; fileEncoding = 4; lastKnownFileType = sourcecode.c.h; path = UnTinyURL_Prefix.pch; sourceTree = "<group>"; };
		5852CA690F49BA970047B1CC /* UTUBundleController.h */ = {isa = PBXFileReference; fileEncoding = 4; lastKnownFileType = sourcecode.c.h; path = UTUBundleController.h; sourceTree = "<group>"; };
		5852CA6A0F49BA970047B1CC /* UTUBundleController.m */ = {isa = PBXFileReference; fileEncoding = 4; lastKnownFileType = sourcecode.c.objc; path = UTUBundleController.m; sourceTree = "<group>"; };
		5852CA870F49BD4E0047B1CC /* WebKit.framework */ = {isa = PBXFileReference; lastKnownFileType = wrapper.framework; name = WebKit.framework; path = /System/Library/Frameworks/WebKit.framework; sourceTree = "<absolute>"; };
		5892255D0F49B0630028C441 /* WebHTMLView+UnTinyURLAdditions.h */ = {isa = PBXFileReference; fileEncoding = 4; lastKnownFileType = sourcecode.c.h; path = "WebHTMLView+UnTinyURLAdditions.h"; sourceTree = "<group>"; };
		5892255E0F49B0630028C441 /* WebHTMLView+UnTinyURLAdditions.m */ = {isa = PBXFileReference; fileEncoding = 4; lastKnownFileType = sourcecode.c.objc; path = "WebHTMLView+UnTinyURLAdditions.m"; sourceTree = "<group>"; };
		5892CBD00F49DE0000424B1D /* NSURLConnection+UnTinyURLAdditions.h */ = {isa = PBXFileReference; fileEncoding = 4; lastKnownFileType = sourcecode.c.h; path = "NSURLConnection+UnTinyURLAdditions.h"; sourceTree = "<group>"; };
		5892CBD10F49DE0000424B1D /* NSURLConnection+UnTinyURLAdditions.m */ = {isa = PBXFileReference; fileEncoding = 4; lastKnownFileType = sourcecode.c.objc; path = "NSURLConnection+UnTinyURLAdditions.m"; sourceTree = "<group>"; };
		8D5B49B6048680CD000E48DA /* UnTinyURL.bundle */ = {isa = PBXFileReference; explicitFileType = wrapper.cfbundle; includeInIndex = 0; path = UnTinyURL.bundle; sourceTree = BUILT_PRODUCTS_DIR; };
		8D5B49B7048680CD000E48DA /* Info.plist */ = {isa = PBXFileReference; fileEncoding = 4; lastKnownFileType = text.plist.xml; path = Info.plist; sourceTree = "<group>"; };
		D2F7E65807B2D6F200F64583 /* CoreData.framework */ = {isa = PBXFileReference; lastKnownFileType = wrapper.framework; name = CoreData.framework; path = /System/Library/Frameworks/CoreData.framework; sourceTree = "<absolute>"; };
/* End PBXFileReference section */

/* Begin PBXFrameworksBuildPhase section */
		8D5B49B3048680CD000E48DA /* Frameworks */ = {
			isa = PBXFrameworksBuildPhase;
			buildActionMask = 2147483647;
			files = (
				8D5B49B4048680CD000E48DA /* Cocoa.framework in Frameworks */,
				5852CA880F49BD4E0047B1CC /* WebKit.framework in Frameworks */,
			);
			runOnlyForDeploymentPostprocessing = 0;
		};
/* End PBXFrameworksBuildPhase section */

/* Begin PBXGroup section */
		089C166AFE841209C02AAC07 /* UnTinyURL */ = {
			isa = PBXGroup;
			children = (
				08FB77AFFE84173DC02AAC07 /* Classes */,
				32C88E010371C26100C91783 /* Other Sources */,
				089C167CFE841241C02AAC07 /* Resources */,
				089C1671FE841209C02AAC07 /* Frameworks and Libraries */,
				19C28FB8FE9D52D311CA2CBB /* Products */,
			);
			name = UnTinyURL;
			sourceTree = "<group>";
		};
		089C1671FE841209C02AAC07 /* Frameworks and Libraries */ = {
			isa = PBXGroup;
			children = (
				1058C7ACFEA557BF11CA2CBB /* Linked Frameworks */,
				1058C7AEFEA557BF11CA2CBB /* Other Frameworks */,
			);
			name = "Frameworks and Libraries";
			sourceTree = "<group>";
		};
		089C167CFE841241C02AAC07 /* Resources */ = {
			isa = PBXGroup;
			children = (
				8D5B49B7048680CD000E48DA /* Info.plist */,
				089C167DFE841241C02AAC07 /* InfoPlist.strings */,
			);
			name = Resources;
			sourceTree = "<group>";
		};
		08FB77AFFE84173DC02AAC07 /* Classes */ = {
			isa = PBXGroup;
			children = (
				5852CA690F49BA970047B1CC /* UTUBundleController.h */,
				5852CA6A0F49BA970047B1CC /* UTUBundleController.m */,
				5892CBD00F49DE0000424B1D /* NSURLConnection+UnTinyURLAdditions.h */,
				5892CBD10F49DE0000424B1D /* NSURLConnection+UnTinyURLAdditions.m */,
				5892255D0F49B0630028C441 /* WebHTMLView+UnTinyURLAdditions.h */,
				5892255E0F49B0630028C441 /* WebHTMLView+UnTinyURLAdditions.m */,
			);
			name = Classes;
			sourceTree = "<group>";
		};
		1058C7ACFEA557BF11CA2CBB /* Linked Frameworks */ = {
			isa = PBXGroup;
			children = (
				5852CA870F49BD4E0047B1CC /* WebKit.framework */,
				1058C7ADFEA557BF11CA2CBB /* Cocoa.framework */,
			);
			name = "Linked Frameworks";
			sourceTree = "<group>";
		};
		1058C7AEFEA557BF11CA2CBB /* Other Frameworks */ = {
			isa = PBXGroup;
			children = (
				089C167FFE841241C02AAC07 /* AppKit.framework */,
				D2F7E65807B2D6F200F64583 /* CoreData.framework */,
				089C1672FE841209C02AAC07 /* Foundation.framework */,
			);
			name = "Other Frameworks";
			sourceTree = "<group>";
		};
		19C28FB8FE9D52D311CA2CBB /* Products */ = {
			isa = PBXGroup;
			children = (
				8D5B49B6048680CD000E48DA /* UnTinyURL.bundle */,
			);
			name = Products;
			sourceTree = "<group>";
		};
		32C88E010371C26100C91783 /* Other Sources */ = {
			isa = PBXGroup;
			children = (
				32DBCF630370AF2F00C91783 /* UnTinyURL_Prefix.pch */,
			);
			name = "Other Sources";
			sourceTree = "<group>";
		};
/* End PBXGroup section */

/* Begin PBXNativeTarget section */
		8D5B49AC048680CD000E48DA /* UnTinyURL */ = {
			isa = PBXNativeTarget;
			buildConfigurationList = 1DEB913A08733D840010E9CD /* Build configuration list for PBXNativeTarget "UnTinyURL" */;
			buildPhases = (
				8D5B49AF048680CD000E48DA /* Resources */,
				8D5B49B1048680CD000E48DA /* Sources */,
				8D5B49B3048680CD000E48DA /* Frameworks */,
			);
			buildRules = (
			);
			dependencies = (
			);
			name = UnTinyURL;
			productInstallPath = "$(HOME)/Library/Bundles";
			productName = UnTinyURL;
			productReference = 8D5B49B6048680CD000E48DA /* UnTinyURL.bundle */;
			productType = "com.apple.product-type.bundle";
		};
/* End PBXNativeTarget section */

/* Begin PBXProject section */
		089C1669FE841209C02AAC07 /* Project object */ = {
			isa = PBXProject;
			buildConfigurationList = 1DEB913E08733D840010E9CD /* Build configuration list for PBXProject "UnTinyURL" */;
			compatibilityVersion = "Xcode 3.1";
			hasScannedForEncodings = 1;
			mainGroup = 089C166AFE841209C02AAC07 /* UnTinyURL */;
			projectDirPath = "";
			projectRoot = "";
			targets = (
				8D5B49AC048680CD000E48DA /* UnTinyURL */,
				584B53D30F4A90B500C786C4 /* UnTinyURL.dmg */,
				584B543A0F4A91D100C786C4 /* Upload UnTinyURL.dmg */,
			);
		};
/* End PBXProject section */

/* Begin PBXResourcesBuildPhase section */
		8D5B49AF048680CD000E48DA /* Resources */ = {
			isa = PBXResourcesBuildPhase;
			buildActionMask = 2147483647;
			files = (
				8D5B49B0048680CD000E48DA /* InfoPlist.strings in Resources */,
			);
			runOnlyForDeploymentPostprocessing = 0;
		};
/* End PBXResourcesBuildPhase section */

/* Begin PBXShellScriptBuildPhase section */
		584B53D20F4A90B500C786C4 /* ShellScript */ = {
			isa = PBXShellScriptBuildPhase;
			buildActionMask = 2147483647;
			files = (
			);
			inputPaths = (
			);
			outputPaths = (
			);
			runOnlyForDeploymentPostprocessing = 0;
			shellPath = /bin/sh;
			shellScript = "set -ex\n\n[ \"$ACTION\" = build ] || exit 0\n[ \"$BUILD_VARIANTS\" = \"normal\" ] || exit 0\n\ndir=\"$TEMP_FILES_DIR/disk\"\ndmg=\"$BUILT_PRODUCTS_DIR/$PROJECT_NAME.dmg\"\n\nrm -rf \"$dir\"\nmkdir \"$dir\"\ncp -R \"$BUILT_PRODUCTS_DIR/$PROJECT_NAME.bundle\" \"$dir\"\ncp \"$PROJECT_DIR/Readme.txt\" \"$dir\"\nrm -f \"$dmg\"\nhdiutil create -srcfolder \"$dir\" -volname \"$PROJECT_NAME\" \"$dmg\"\nhdiutil internet-enable -yes \"$dmg\"\nrm -rf \"$dir\"";
		};
		584B54390F4A91D100C786C4 /* ShellScript */ = {
			isa = PBXShellScriptBuildPhase;
			buildActionMask = 2147483647;
			files = (
			);
			inputPaths = (
			);
			outputPaths = (
			);
			runOnlyForDeploymentPostprocessing = 0;
			shellPath = /bin/sh;
			shellScript = "set -ex\n\n[ \"$ACTION\" = build ] || exit 0\n[ \"$BUILD_VARIANTS\" = \"normal\" ] || exit 0\n\ndmg=\"$BUILT_PRODUCTS_DIR/$PROJECT_NAME.dmg\"\n\nftp -u \"ftp://uasi@99cm.org/public_html/apps/$PROJECT_NAME.dmg\" \"$dmg\" || exit 1";
		};
/* End PBXShellScriptBuildPhase section */

/* Begin PBXSourcesBuildPhase section */
		8D5B49B1048680CD000E48DA /* Sources */ = {
			isa = PBXSourcesBuildPhase;
			buildActionMask = 2147483647;
			files = (
				5892255F0F49B0630028C441 /* WebHTMLView+UnTinyURLAdditions.m in Sources */,
				5852CA6B0F49BA970047B1CC /* UTUBundleController.m in Sources */,
				5892CBD20F49DE0000424B1D /* NSURLConnection+UnTinyURLAdditions.m in Sources */,
			);
			runOnlyForDeploymentPostprocessing = 0;
		};
/* End PBXSourcesBuildPhase section */

/* Begin PBXTargetDependency section */
		584B53D80F4A90D100C786C4 /* PBXTargetDependency */ = {
			isa = PBXTargetDependency;
			target = 8D5B49AC048680CD000E48DA /* UnTinyURL */;
			targetProxy = 584B53D70F4A90D100C786C4 /* PBXContainerItemProxy */;
		};
		584B543E0F4A91E600C786C4 /* PBXTargetDependency */ = {
			isa = PBXTargetDependency;
			target = 584B53D30F4A90B500C786C4 /* UnTinyURL.dmg */;
			targetProxy = 584B543D0F4A91E600C786C4 /* PBXContainerItemProxy */;
		};
/* End PBXTargetDependency section */

/* Begin PBXVariantGroup section */
		089C167DFE841241C02AAC07 /* InfoPlist.strings */ = {
			isa = PBXVariantGroup;
			children = (
				089C167EFE841241C02AAC07 /* English */,
			);
			name = InfoPlist.strings;
			sourceTree = "<group>";
		};
/* End PBXVariantGroup section */

/* Begin XCBuildConfiguration section */
		1DEB913B08733D840010E9CD /* Debug */ = {
			isa = XCBuildConfiguration;
			buildSettings = {
				ALWAYS_SEARCH_USER_PATHS = NO;
				COPY_PHASE_STRIP = NO;
				GCC_DYNAMIC_NO_PIC = NO;
				GCC_ENABLE_FIX_AND_CONTINUE = YES;
				GCC_ENABLE_OBJC_GC = unsupported;
				GCC_MODEL_TUNING = G5;
				GCC_OPTIMIZATION_LEVEL = 0;
				GCC_PRECOMPILE_PREFIX_HEADER = YES;
				GCC_PREFIX_HEADER = UnTinyURL_Prefix.pch;
				INFOPLIST_FILE = Info.plist;
				INSTALL_PATH = "$(HOME)/Library/Bundles";
				PRODUCT_NAME = UnTinyURL;
				WRAPPER_EXTENSION = bundle;
			};
			name = Debug;
		};
		1DEB913C08733D840010E9CD /* Release */ = {
			isa = XCBuildConfiguration;
			buildSettings = {
				ALWAYS_SEARCH_USER_PATHS = NO;
				DEBUG_INFORMATION_FORMAT = "dwarf-with-dsym";
				GCC_ENABLE_OBJC_GC = unsupported;
				GCC_MODEL_TUNING = G5;
				GCC_PRECOMPILE_PREFIX_HEADER = YES;
				GCC_PREFIX_HEADER = UnTinyURL_Prefix.pch;
				INFOPLIST_FILE = Info.plist;
				INSTALL_PATH = "$(HOME)/Library/Bundles";
				PRODUCT_NAME = UnTinyURL;
				WRAPPER_EXTENSION = bundle;
			};
			name = Release;
		};
		1DEB913F08733D840010E9CD /* Debug */ = {
			isa = XCBuildConfiguration;
			buildSettings = {
				ARCHS = "$(ARCHS_STANDARD_32_BIT)";
				GCC_C_LANGUAGE_STANDARD = c99;
				GCC_OPTIMIZATION_LEVEL = 0;
				GCC_WARN_ABOUT_RETURN_TYPE = YES;
				GCC_WARN_UNUSED_VARIABLE = YES;
				ONLY_ACTIVE_ARCH = YES;
				PREBINDING = NO;
				SDKROOT = macosx10.5;
			};
			name = Debug;
		};
		1DEB914008733D840010E9CD /* Release */ = {
			isa = XCBuildConfiguration;
			buildSettings = {
				ARCHS = "$(ARCHS_STANDARD_32_BIT)";
				GCC_C_LANGUAGE_STANDARD = c99;
				GCC_WARN_ABOUT_RETURN_TYPE = YES;
				GCC_WARN_UNUSED_VARIABLE = YES;
				PREBINDING = NO;
				SDKROOT = macosx10.5;
			};
			name = Release;
		};
		584B53D40F4A90B500C786C4 /* Debug */ = {
			isa = XCBuildConfiguration;
			buildSettings = {
				COPY_PHASE_STRIP = NO;
				GCC_DYNAMIC_NO_PIC = NO;
				GCC_OPTIMIZATION_LEVEL = 0;
				PRODUCT_NAME = UnTinyURL.dmg;
			};
			name = Debug;
		};
		584B53D50F4A90B500C786C4 /* Release */ = {
			isa = XCBuildConfiguration;
			buildSettings = {
				COPY_PHASE_STRIP = YES;
				DEBUG_INFORMATION_FORMAT = "dwarf-with-dsym";
				GCC_ENABLE_FIX_AND_CONTINUE = NO;
				PRODUCT_NAME = UnTinyURL.dmg;
				ZERO_LINK = NO;
			};
			name = Release;
		};
		584B543B0F4A91D100C786C4 /* Debug */ = {
			isa = XCBuildConfiguration;
			buildSettings = {
				COPY_PHASE_STRIP = NO;
				GCC_DYNAMIC_NO_PIC = NO;
				GCC_OPTIMIZATION_LEVEL = 0;
				PRODUCT_NAME = "Upload UnTinyURL.dmg";
			};
			name = Debug;
		};
		584B543C0F4A91D100C786C4 /* Release */ = {
			isa = XCBuildConfiguration;
			buildSettings = {
				COPY_PHASE_STRIP = YES;
				DEBUG_INFORMATION_FORMAT = "dwarf-with-dsym";
				GCC_ENABLE_FIX_AND_CONTINUE = NO;
				PRODUCT_NAME = "Upload UnTinyURL.dmg";
				ZERO_LINK = NO;
			};
			name = Release;
		};
/* End XCBuildConfiguration section */

/* Begin XCConfigurationList section */
		1DEB913A08733D840010E9CD /* Build configuration list for PBXNativeTarget "UnTinyURL" */ = {
			isa = XCConfigurationList;
			buildConfigurations = (
				1DEB913B08733D840010E9CD /* Debug */,
				1DEB913C08733D840010E9CD /* Release */,
			);
			defaultConfigurationIsVisible = 0;
			defaultConfigurationName = Release;
		};
		1DEB913E08733D840010E9CD /* Build configuration list for PBXProject "UnTinyURL" */ = {
			isa = XCConfigurationList;
			buildConfigurations = (
				1DEB913F08733D840010E9CD /* Debug */,
				1DEB914008733D840010E9CD /* Release */,
			);
			defaultConfigurationIsVisible = 0;
			defaultConfigurationName = Release;
		};
		584B541A0F4A90F300C786C4 /* Build configuration list for PBXAggregateTarget "UnTinyURL.dmg" */ = {
			isa = XCConfigurationList;
			buildConfigurations = (
				584B53D40F4A90B500C786C4 /* Debug */,
				584B53D50F4A90B500C786C4 /* Release */,
			);
			defaultConfigurationIsVisible = 0;
			defaultConfigurationName = Release;
		};
		584B54450F4A91F500C786C4 /* Build configuration list for PBXAggregateTarget "Upload UnTinyURL.dmg" */ = {
			isa = XCConfigurationList;
			buildConfigurations = (
				584B543B0F4A91D100C786C4 /* Debug */,
				584B543C0F4A91D100C786C4 /* Release */,
			);
			defaultConfigurationIsVisible = 0;
			defaultConfigurationName = Release;
		};
/* End XCConfigurationList section */
	};
	rootObject = 089C1669FE841209C02AAC07 /* Project object */;
}
